Microsoft Visual Studio Solution File, Format Version 12.00
# Visual Studio Version 17
VisualStudioVersion = 17.5.2.0
MinimumVisualStudioVersion = 10.0.40219.1
Project("{FAE04EC0-301F-11D3-BF4B-00C04F79EFBC}") = "CoordsBot", "CoordsBot.csproj", "{B1B2F787-8946-2EA2-E730-6FCC3E3662EF}"
EndProject
Global
	GlobalSection(SolutionConfigurationPlatforms) = preSolution
		Debug|Any CPU = Debug|Any CPU
		Release|Any CPU = Release|Any CPU
	EndGlobalSection
	GlobalSection(ProjectConfigurationPlatforms) = postSolution
		{B1B2F787-8946-2EA2-E730-6FCC3E3662EF}.Debug|Any CPU.ActiveCfg = Debug|Any CPU
		{B1B2F787-8946-2EA2-E730-6FCC3E3662EF}.Debug|Any CPU.Build.0 = Debug|Any CPU
		{B1B2F787-8946-2EA2-E730-6FCC3E3662EF}.Release|Any CPU.ActiveCfg = Release|Any CPU
		{B1B2F787-8946-2EA2-E730-6FCC3E3662EF}.Release|Any CPU.Build.0 = Release|Any CPU
	EndGlobalSection
	GlobalSection(SolutionProperties) = preSolution
		HideSolutionNode = FALSE
	EndGlobalSection
	GlobalSection(ExtensibilityGlobals) = postSolution
		SolutionGuid = {79C19449-E73F-4DA1-8B1B-EF0B2595BFE7}
	EndGlobalSection
EndGlobal
